
Microsoft Visual Studio Solution File, Format Version 12.00
Project("{FAE04EC0-301F-11D3-BF4B-00C04F79EFBC}") = "Stocks.Database", "Stocks.Database\Stocks.Database.csproj", "{37FBCD54-1FAE-4965-84A6-CAB3AC3680C9}"
EndProject
Project("{FAE04EC0-301F-11D3-BF4B-00C04F79EFBC}") = "Stocks.Application", "Stocks.Application\Stocks.Application.csproj", "{C2149937-0823-46A4-9100-69D3914F15FB}"
EndProject
Project("{2150E333-8FDC-42A3-9474-1A3956D46DE8}") = "Solution Items", "Solution Items", "{4EF6CE86-1704-43DC-B9E7-5829CD1C595F}"
	ProjectSection(SolutionItems) = preProject
		docker-compose.yml = docker-compose.yml
	EndProjectSection
EndProject
Project("{FAE04EC0-301F-11D3-BF4B-00C04F79EFBC}") = "Stocks.API", "Stocks.API\Stocks.API.csproj", "{61780B34-6DC6-42AB-9D8D-BA0652EB1FCB}"
EndProject
Project("{FAE04EC0-301F-11D3-BF4B-00C04F79EFBC}") = "Stocks.WebSockets", "Stocks.WebSockets\Stocks.WebSockets.csproj", "{2B63BBE4-A5E9-40DA-B077-1C8B61B638A6}"
EndProject
Project("{FAE04EC0-301F-11D3-BF4B-00C04F79EFBC}") = "Stocks.Domain", "Stocks.Domain\Stocks.Domain.csproj", "{898AE487-67F4-44A2-A445-3667A26E7DCE}"
EndProject
Project("{FAE04EC0-301F-11D3-BF4B-00C04F79EFBC}") = "Stocks.HTTP", "Stocks.HTTP\Stocks.HTTP.csproj", "{E7767206-0DCC-4354-980D-B9E9D09E4645}"
EndProject
Project("{FAE04EC0-301F-11D3-BF4B-00C04F79EFBC}") = "Stocks.UnitTests", "Stocks.UnitTests\Stocks.UnitTests.csproj", "{686F3BA2-C875-48BB-AF3F-EA9B9EFB93B4}"
EndProject
Global
	GlobalSection(SolutionConfigurationPlatforms) = preSolution
		Debug|Any CPU = Debug|Any CPU
		Release|Any CPU = Release|Any CPU
	EndGlobalSection
	GlobalSection(ProjectConfigurationPlatforms) = postSolution
		{37FBCD54-1FAE-4965-84A6-CAB3AC3680C9}.Debug|Any CPU.ActiveCfg = Debug|Any CPU
		{37FBCD54-1FAE-4965-84A6-CAB3AC3680C9}.Debug|Any CPU.Build.0 = Debug|Any CPU
		{37FBCD54-1FAE-4965-84A6-CAB3AC3680C9}.Release|Any CPU.ActiveCfg = Release|Any CPU
		{37FBCD54-1FAE-4965-84A6-CAB3AC3680C9}.Release|Any CPU.Build.0 = Release|Any CPU
		{C2149937-0823-46A4-9100-69D3914F15FB}.Debug|Any CPU.ActiveCfg = Debug|Any CPU
		{C2149937-0823-46A4-9100-69D3914F15FB}.Debug|Any CPU.Build.0 = Debug|Any CPU
		{C2149937-0823-46A4-9100-69D3914F15FB}.Release|Any CPU.ActiveCfg = Release|Any CPU
		{C2149937-0823-46A4-9100-69D3914F15FB}.Release|Any CPU.Build.0 = Release|Any CPU
		{61780B34-6DC6-42AB-9D8D-BA0652EB1FCB}.Debug|Any CPU.ActiveCfg = Debug|Any CPU
		{61780B34-6DC6-42AB-9D8D-BA0652EB1FCB}.Debug|Any CPU.Build.0 = Debug|Any CPU
		{61780B34-6DC6-42AB-9D8D-BA0652EB1FCB}.Release|Any CPU.ActiveCfg = Release|Any CPU
		{61780B34-6DC6-42AB-9D8D-BA0652EB1FCB}.Release|Any CPU.Build.0 = Release|Any CPU
		{2B63BBE4-A5E9-40DA-B077-1C8B61B638A6}.Debug|Any CPU.ActiveCfg = Debug|Any CPU
		{2B63BBE4-A5E9-40DA-B077-1C8B61B638A6}.Debug|Any CPU.Build.0 = Debug|Any CPU
		{2B63BBE4-A5E9-40DA-B077-1C8B61B638A6}.Release|Any CPU.ActiveCfg = Release|Any CPU
		{2B63BBE4-A5E9-40DA-B077-1C8B61B638A6}.Release|Any CPU.Build.0 = Release|Any CPU
		{898AE487-67F4-44A2-A445-3667A26E7DCE}.Debug|Any CPU.ActiveCfg = Debug|Any CPU
		{898AE487-67F4-44A2-A445-3667A26E7DCE}.Debug|Any CPU.Build.0 = Debug|Any CPU
		{898AE487-67F4-44A2-A445-3667A26E7DCE}.Release|Any CPU.ActiveCfg = Release|Any CPU
		{898AE487-67F4-44A2-A445-3667A26E7DCE}.Release|Any CPU.Build.0 = Release|Any CPU
		{E7767206-0DCC-4354-980D-B9E9D09E4645}.Debug|Any CPU.ActiveCfg = Debug|Any CPU
		{E7767206-0DCC-4354-980D-B9E9D09E4645}.Debug|Any CPU.Build.0 = Debug|Any CPU
		{E7767206-0DCC-4354-980D-B9E9D09E4645}.Release|Any CPU.ActiveCfg = Release|Any CPU
		{E7767206-0DCC-4354-980D-B9E9D09E4645}.Release|Any CPU.Build.0 = Release|Any CPU
		{686F3BA2-C875-48BB-AF3F-EA9B9EFB93B4}.Debug|Any CPU.ActiveCfg = Debug|Any CPU
		{686F3BA2-C875-48BB-AF3F-EA9B9EFB93B4}.Debug|Any CPU.Build.0 = Debug|Any CPU
		{686F3BA2-C875-48BB-AF3F-EA9B9EFB93B4}.Release|Any CPU.ActiveCfg = Release|Any CPU
		{686F3BA2-C875-48BB-AF3F-EA9B9EFB93B4}.Release|Any CPU.Build.0 = Release|Any CPU
	EndGlobalSection
EndGlobal
